{
  "name": "dhcp_server",
  "version": "1.0.0",
  "lockfileVersion": 1,
  "requires": true,
  "dependencies": {
    "dhcp": {
      "version": "0.2.20",
      "resolved": "https://registry.npmjs.org/dhcp/-/dhcp-0.2.20.tgz",
      "integrity": "sha512-SfKVTg5qqe5aXSrSAXABM1yJl3OjekhSg6ryJyLjK1015waNj9fmMq8SrHI6qWuICtiprfYbh/f55giBJcC9Ag==",
      "requires": {
        "minimist": "*"
      }
    },
    "minimist": {
      "version": "1.2.8",
      "resolved": "https://registry.npmjs.org/minimist/-/minimist-1.2.8.tgz",
      "integrity": "sha512-2yyAR8qBkN3YuheJanUpWC5U3bb5osDywNB8RzDVlDwDHbocAJveqqj1u8+SVD7jkWT4yvsHCpWqqWqAxb0zCA=="
    }
  }
}
